
Microsoft Visual Studio Solution File, Format Version 12.00
# Visual Studio Version 16
VisualStudioVersion = 16.0.31911.196
MinimumVisualStudioVersion = 10.0.40219.1
Project("{FAE04EC0-301F-11D3-BF4B-00C04F79EFBC}") = "FineosClaimService", "FineosClaimService\FineosClaimService.csproj", "{78B6F339-BD2B-4F19-A92F-BF3DC9154841}"
EndProject
Global
	GlobalSection(SolutionConfigurationPlatforms) = preSolution
		Debug|Any CPU = Debug|Any CPU
		development|Any CPU = development|Any CPU
		Release|Any CPU = Release|Any CPU
	EndGlobalSection
	GlobalSection(ProjectConfigurationPlatforms) = postSolution
		{78B6F339-BD2B-4F19-A92F-BF3DC9154841}.Debug|Any CPU.ActiveCfg = Debug|Any CPU
		{78B6F339-BD2B-4F19-A92F-BF3DC9154841}.Debug|Any CPU.Build.0 = Debug|Any CPU
		{78B6F339-BD2B-4F19-A92F-BF3DC9154841}.development|Any CPU.ActiveCfg = development|Any CPU
		{78B6F339-BD2B-4F19-A92F-BF3DC9154841}.development|Any CPU.Build.0 = development|Any CPU
		{78B6F339-BD2B-4F19-A92F-BF3DC9154841}.Release|Any CPU.ActiveCfg = Release|Any CPU
		{78B6F339-BD2B-4F19-A92F-BF3DC9154841}.Release|Any CPU.Build.0 = Release|Any CPU
	EndGlobalSection
	GlobalSection(SolutionProperties) = preSolution
		HideSolutionNode = FALSE
	EndGlobalSection
	GlobalSection(ExtensibilityGlobals) = postSolution
		SolutionGuid = {EF0CA694-16A8-4242-BB16-3FA71AA8029A}
	EndGlobalSection
EndGlobal
